
Microsoft Visual Studio Solution File, Format Version 12.00
# Visual Studio Version 17
VisualStudioVersion = 17.5.33502.453
MinimumVisualStudioVersion = 10.0.40219.1
Project("{2150E333-8FDC-42A3-9474-1A3956D46DE8}") = "Modules", "Modules", "{9C9C9AF7-A3C9-4732-BDAE-4CAD1678430D}"
EndProject
Project("{2150E333-8FDC-42A3-9474-1A3956D46DE8}") = "Core", "Core", "{4729EA08-3BA2-4C8E-A5BC-61BEB39C01D3}"
EndProject
Project("{9A19103F-16F7-4668-BE54-9A1E7A4F7556}") = "Steam.Core.Utilities", "Core\Steam.Core.Utilities\Steam.Core.Utilities.csproj", "{16AF10CB-BC1E-460C-9E4D-8A2C842EB894}"
EndProject
Project("{9A19103F-16F7-4668-BE54-9A1E7A4F7556}") = "Admin.Sample", "Modules\Admin.Sample\Admin.Sample.csproj", "{A0746673-26F5-45D2-927A-31531F3B28B8}"
EndProject
Project("{9A19103F-16F7-4668-BE54-9A1E7A4F7556}") = "Steam.Core.ComponentUILibrary", "Core\Steam.Core.ComponentUILibrary\Steam.Core.ComponentUILibrary.csproj", "{28A63308-A1E9-4EB2-A85A-66AF011F4A36}"
EndProject
Project("{9A19103F-16F7-4668-BE54-9A1E7A4F7556}") = "Steam.Core.Common", "Core\Steam.Core.Common\Steam.Core.Common.csproj", "{0E00B782-7E5D-48BE-8CE2-42F9629199B2}"
EndProject
Project("{9A19103F-16F7-4668-BE54-9A1E7A4F7556}") = "Steam.Core.Base", "Core\Steam.Core.Base\Steam.Core.Base.csproj", "{AA32E257-FAEE-4D57-8F35-CA2ABF537E30}"
EndProject
Project("{9A19103F-16F7-4668-BE54-9A1E7A4F7556}") = "MasterAdmin", "MasterAdmin\MasterAdmin.csproj", "{973E0CEF-31CF-4992-BA0A-E594971EC0F9}"
EndProject
Project("{9A19103F-16F7-4668-BE54-9A1E7A4F7556}") = "Admin.Authorization", "Modules\Admin.Authorization\Admin.Authorization.csproj", "{0F2C4C04-DCFD-4F1B-AD11-FE8614C2F5E2}"
EndProject
Project("{9A19103F-16F7-4668-BE54-9A1E7A4F7556}") = "Admin.PostsCategory", "Modules\Admin.PostsCategory\Admin.PostsCategory.csproj", "{68C4C39D-119E-4668-A035-7FD83EADC7BD}"
EndProject
Project("{9A19103F-16F7-4668-BE54-9A1E7A4F7556}") = "Admin.WebSetting", "Modules\Admin.WebSetting\Admin.WebSetting.csproj", "{D70A9FBF-09A1-4232-A5CF-5969C7D7A08E}"
EndProject
Project("{9A19103F-16F7-4668-BE54-9A1E7A4F7556}") = "Admin.SEO", "Modules\Admin.SEO\Admin.SEO.csproj", "{70097CC6-8899-4704-842C-7B1C50563193}"
EndProject
Project("{9A19103F-16F7-4668-BE54-9A1E7A4F7556}") = "Admin.MemberManagement", "Modules\MemberManagement\Admin.MemberManagement.csproj", "{06623DF8-D16F-45CF-AE89-A6805C70E488}"
EndProject
Project("{9A19103F-16F7-4668-BE54-9A1E7A4F7556}") = "Admin.PostsManagement", "Modules\Admin.PostsManagement\Admin.PostsManagement.csproj", "{170617B4-B51F-49D6-9F2F-EDC8BA7FA77D}"
EndProject
Project("{9A19103F-16F7-4668-BE54-9A1E7A4F7556}") = "Admin.LayoutPage", "Modules\Admin.LayoutPage\Admin.LayoutPage.csproj", "{EC774C3E-02A9-4262-96E6-807F54158460}"
EndProject
Project("{9A19103F-16F7-4668-BE54-9A1E7A4F7556}") = "Admin.WebsiteKeys", "Modules\Admin.WebsiteKeys\Admin.WebsiteKeys.csproj", "{095F357F-8BB7-4139-AF6F-3A176609C6AF}"
EndProject
Project("{9A19103F-16F7-4668-BE54-9A1E7A4F7556}") = "Admin.TemplatePage", "Modules\Admin.TemplatePage\Admin.TemplatePage.csproj", "{70450B14-04EF-4223-B896-713AF278A2B5}"
EndProject
Project("{9A19103F-16F7-4668-BE54-9A1E7A4F7556}") = "Admin.EmailManagement", "Modules\Admin.EmailManagement\Admin.EmailManagement.csproj", "{C1DFEBE5-1A52-47FE-870C-014153FE4971}"
EndProject
Project("{9A19103F-16F7-4668-BE54-9A1E7A4F7556}") = "Admin.Collection", "Modules\Admin.Collection\Admin.Collection.csproj", "{028CCC39-FF8B-4F76-8949-F3DB622FAC98}"
EndProject
Project("{9A19103F-16F7-4668-BE54-9A1E7A4F7556}") = "ApiGateWay", "ApiGateWay\ApiGateWay.csproj", "{07EEBFAC-5120-403F-B8FF-F7FA6F6176D3}"
EndProject
Project("{9A19103F-16F7-4668-BE54-9A1E7A4F7556}") = "TaskShedulerManagement", "TaskShedulerManagement\TaskShedulerManagement.csproj", "{A1458EF9-12B5-44F3-BF45-257F957403F9}"
EndProject
Project("{9A19103F-16F7-4668-BE54-9A1E7A4F7556}") = "Steam.Core.LocalizeManagement", "Core\Steam.Core.LocalizeManagement\Steam.Core.LocalizeManagement.csproj", "{F993F027-F407-4F7B-9783-735A1058F35F}"
EndProject
Project("{9A19103F-16F7-4668-BE54-9A1E7A4F7556}") = "Admin.ProductManagement", "Modules\Admin.ProductManagement\Admin.ProductManagement.csproj", "{90A997FE-D754-49A7-B030-16734BE3C029}"
EndProject
Project("{9A19103F-16F7-4668-BE54-9A1E7A4F7556}") = "Steam.Core.Infrastructure", "Core\Steam.Core.Infrastructure\Steam.Core.Infrastructure.csproj", "{99E3052D-5EB1-4D8D-90B3-CF131EDCF8C1}"
EndProject
Project("{FAE04EC0-301F-11D3-BF4B-00C04F79EFBC}") = "TestAdmin", "TestAdmin\TestAdmin.csproj", "{EE5334EF-D369-49E0-BACF-08CD66DD895A}"
EndProject
Project("{FAE04EC0-301F-11D3-BF4B-00C04F79EFBC}") = "Admin.Orders", "Modules\Admin.Orders\Admin.Orders.csproj", "{9981FCAC-1806-47C0-B593-02244A721611}"
EndProject
Project("{FAE04EC0-301F-11D3-BF4B-00C04F79EFBC}") = "Admin.Payments", "Modules\Admin.Payments\Admin.Payments.csproj", "{E91BBB8B-81AD-4CC9-8622-B918C00B36C4}"
EndProject
Global
	GlobalSection(SolutionConfigurationPlatforms) = preSolution
		Debug|Any CPU = Debug|Any CPU
		Release|Any CPU = Release|Any CPU
	EndGlobalSection
	GlobalSection(ProjectConfigurationPlatforms) = postSolution
		{16AF10CB-BC1E-460C-9E4D-8A2C842EB894}.Debug|Any CPU.ActiveCfg = Debug|Any CPU
		{16AF10CB-BC1E-460C-9E4D-8A2C842EB894}.Debug|Any CPU.Build.0 = Debug|Any CPU
		{16AF10CB-BC1E-460C-9E4D-8A2C842EB894}.Release|Any CPU.ActiveCfg = Release|Any CPU
		{16AF10CB-BC1E-460C-9E4D-8A2C842EB894}.Release|Any CPU.Build.0 = Release|Any CPU
		{A0746673-26F5-45D2-927A-31531F3B28B8}.Debug|Any CPU.ActiveCfg = Debug|Any CPU
		{A0746673-26F5-45D2-927A-31531F3B28B8}.Debug|Any CPU.Build.0 = Debug|Any CPU
		{A0746673-26F5-45D2-927A-31531F3B28B8}.Release|Any CPU.ActiveCfg = Release|Any CPU
		{A0746673-26F5-45D2-927A-31531F3B28B8}.Release|Any CPU.Build.0 = Release|Any CPU
		{28A63308-A1E9-4EB2-A85A-66AF011F4A36}.Debug|Any CPU.ActiveCfg = Debug|Any CPU
		{28A63308-A1E9-4EB2-A85A-66AF011F4A36}.Debug|Any CPU.Build.0 = Debug|Any CPU
		{28A63308-A1E9-4EB2-A85A-66AF011F4A36}.Release|Any CPU.ActiveCfg = Release|Any CPU
		{28A63308-A1E9-4EB2-A85A-66AF011F4A36}.Release|Any CPU.Build.0 = Release|Any CPU
		{0E00B782-7E5D-48BE-8CE2-42F9629199B2}.Debug|Any CPU.ActiveCfg = Debug|Any CPU
		{0E00B782-7E5D-48BE-8CE2-42F9629199B2}.Debug|Any CPU.Build.0 = Debug|Any CPU
		{0E00B782-7E5D-48BE-8CE2-42F9629199B2}.Release|Any CPU.ActiveCfg = Release|Any CPU
		{0E00B782-7E5D-48BE-8CE2-42F9629199B2}.Release|Any CPU.Build.0 = Release|Any CPU
		{AA32E257-FAEE-4D57-8F35-CA2ABF537E30}.Debug|Any CPU.ActiveCfg = Debug|Any CPU
		{AA32E257-FAEE-4D57-8F35-CA2ABF537E30}.Debug|Any CPU.Build.0 = Debug|Any CPU
		{AA32E257-FAEE-4D57-8F35-CA2ABF537E30}.Release|Any CPU.ActiveCfg = Release|Any CPU
		{AA32E257-FAEE-4D57-8F35-CA2ABF537E30}.Release|Any CPU.Build.0 = Release|Any CPU
		{973E0CEF-31CF-4992-BA0A-E594971EC0F9}.Debug|Any CPU.ActiveCfg = Debug|Any CPU
		{973E0CEF-31CF-4992-BA0A-E594971EC0F9}.Debug|Any CPU.Build.0 = Debug|Any CPU
		{973E0CEF-31CF-4992-BA0A-E594971EC0F9}.Release|Any CPU.ActiveCfg = Release|Any CPU
		{973E0CEF-31CF-4992-BA0A-E594971EC0F9}.Release|Any CPU.Build.0 = Release|Any CPU
		{0F2C4C04-DCFD-4F1B-AD11-FE8614C2F5E2}.Debug|Any CPU.ActiveCfg = Debug|Any CPU
		{0F2C4C04-DCFD-4F1B-AD11-FE8614C2F5E2}.Debug|Any CPU.Build.0 = Debug|Any CPU
		{0F2C4C04-DCFD-4F1B-AD11-FE8614C2F5E2}.Release|Any CPU.ActiveCfg = Release|Any CPU
		{0F2C4C04-DCFD-4F1B-AD11-FE8614C2F5E2}.Release|Any CPU.Build.0 = Release|Any CPU
		{68C4C39D-119E-4668-A035-7FD83EADC7BD}.Debug|Any CPU.ActiveCfg = Debug|Any CPU
		{68C4C39D-119E-4668-A035-7FD83EADC7BD}.Debug|Any CPU.Build.0 = Debug|Any CPU
		{68C4C39D-119E-4668-A035-7FD83EADC7BD}.Release|Any CPU.ActiveCfg = Release|Any CPU
		{68C4C39D-119E-4668-A035-7FD83EADC7BD}.Release|Any CPU.Build.0 = Release|Any CPU
		{D70A9FBF-09A1-4232-A5CF-5969C7D7A08E}.Debug|Any CPU.ActiveCfg = Debug|Any CPU
		{D70A9FBF-09A1-4232-A5CF-5969C7D7A08E}.Debug|Any CPU.Build.0 = Debug|Any CPU
		{D70A9FBF-09A1-4232-A5CF-5969C7D7A08E}.Release|Any CPU.ActiveCfg = Release|Any CPU
		{D70A9FBF-09A1-4232-A5CF-5969C7D7A08E}.Release|Any CPU.Build.0 = Release|Any CPU
		{70097CC6-8899-4704-842C-7B1C50563193}.Debug|Any CPU.ActiveCfg = Debug|Any CPU
		{70097CC6-8899-4704-842C-7B1C50563193}.Debug|Any CPU.Build.0 = Debug|Any CPU
		{70097CC6-8899-4704-842C-7B1C50563193}.Release|Any CPU.ActiveCfg = Release|Any CPU
		{70097CC6-8899-4704-842C-7B1C50563193}.Release|Any CPU.Build.0 = Release|Any CPU
		{06623DF8-D16F-45CF-AE89-A6805C70E488}.Debug|Any CPU.ActiveCfg = Debug|Any CPU
		{06623DF8-D16F-45CF-AE89-A6805C70E488}.Debug|Any CPU.Build.0 = Debug|Any CPU
		{06623DF8-D16F-45CF-AE89-A6805C70E488}.Release|Any CPU.ActiveCfg = Release|Any CPU
		{06623DF8-D16F-45CF-AE89-A6805C70E488}.Release|Any CPU.Build.0 = Release|Any CPU
		{170617B4-B51F-49D6-9F2F-EDC8BA7FA77D}.Debug|Any CPU.ActiveCfg = Debug|Any CPU
		{170617B4-B51F-49D6-9F2F-EDC8BA7FA77D}.Debug|Any CPU.Build.0 = Debug|Any CPU
		{170617B4-B51F-49D6-9F2F-EDC8BA7FA77D}.Release|Any CPU.ActiveCfg = Release|Any CPU
		{170617B4-B51F-49D6-9F2F-EDC8BA7FA77D}.Release|Any CPU.Build.0 = Release|Any CPU
		{EC774C3E-02A9-4262-96E6-807F54158460}.Debug|Any CPU.ActiveCfg = Debug|Any CPU
		{EC774C3E-02A9-4262-96E6-807F54158460}.Debug|Any CPU.Build.0 = Debug|Any CPU
		{EC774C3E-02A9-4262-96E6-807F54158460}.Release|Any CPU.ActiveCfg = Release|Any CPU
		{EC774C3E-02A9-4262-96E6-807F54158460}.Release|Any CPU.Build.0 = Release|Any CPU
		{095F357F-8BB7-4139-AF6F-3A176609C6AF}.Debug|Any CPU.ActiveCfg = Debug|Any CPU
		{095F357F-8BB7-4139-AF6F-3A176609C6AF}.Debug|Any CPU.Build.0 = Debug|Any CPU
		{095F357F-8BB7-4139-AF6F-3A176609C6AF}.Release|Any CPU.ActiveCfg = Release|Any CPU
		{095F357F-8BB7-4139-AF6F-3A176609C6AF}.Release|Any CPU.Build.0 = Release|Any CPU
		{70450B14-04EF-4223-B896-713AF278A2B5}.Debug|Any CPU.ActiveCfg = Debug|Any CPU
		{70450B14-04EF-4223-B896-713AF278A2B5}.Debug|Any CPU.Build.0 = Debug|Any CPU
		{70450B14-04EF-4223-B896-713AF278A2B5}.Release|Any CPU.ActiveCfg = Release|Any CPU
		{70450B14-04EF-4223-B896-713AF278A2B5}.Release|Any CPU.Build.0 = Release|Any CPU
		{C1DFEBE5-1A52-47FE-870C-014153FE4971}.Debug|Any CPU.ActiveCfg = Debug|Any CPU
		{C1DFEBE5-1A52-47FE-870C-014153FE4971}.Debug|Any CPU.Build.0 = Debug|Any CPU
		{C1DFEBE5-1A52-47FE-870C-014153FE4971}.Release|Any CPU.ActiveCfg = Release|Any CPU
		{C1DFEBE5-1A52-47FE-870C-014153FE4971}.Release|Any CPU.Build.0 = Release|Any CPU
		{028CCC39-FF8B-4F76-8949-F3DB622FAC98}.Debug|Any CPU.ActiveCfg = Debug|Any CPU
		{028CCC39-FF8B-4F76-8949-F3DB622FAC98}.Debug|Any CPU.Build.0 = Debug|Any CPU
		{028CCC39-FF8B-4F76-8949-F3DB622FAC98}.Release|Any CPU.ActiveCfg = Release|Any CPU
		{028CCC39-FF8B-4F76-8949-F3DB622FAC98}.Release|Any CPU.Build.0 = Release|Any CPU
		{07EEBFAC-5120-403F-B8FF-F7FA6F6176D3}.Debug|Any CPU.ActiveCfg = Debug|Any CPU
		{07EEBFAC-5120-403F-B8FF-F7FA6F6176D3}.Debug|Any CPU.Build.0 = Debug|Any CPU
		{07EEBFAC-5120-403F-B8FF-F7FA6F6176D3}.Release|Any CPU.ActiveCfg = Release|Any CPU
		{07EEBFAC-5120-403F-B8FF-F7FA6F6176D3}.Release|Any CPU.Build.0 = Release|Any CPU
		{A1458EF9-12B5-44F3-BF45-257F957403F9}.Debug|Any CPU.ActiveCfg = Debug|Any CPU
		{A1458EF9-12B5-44F3-BF45-257F957403F9}.Debug|Any CPU.Build.0 = Debug|Any CPU
		{A1458EF9-12B5-44F3-BF45-257F957403F9}.Release|Any CPU.ActiveCfg = Release|Any CPU
		{A1458EF9-12B5-44F3-BF45-257F957403F9}.Release|Any CPU.Build.0 = Release|Any CPU
		{F993F027-F407-4F7B-9783-735A1058F35F}.Debug|Any CPU.ActiveCfg = Debug|Any CPU
		{F993F027-F407-4F7B-9783-735A1058F35F}.Debug|Any CPU.Build.0 = Debug|Any CPU
		{F993F027-F407-4F7B-9783-735A1058F35F}.Release|Any CPU.ActiveCfg = Release|Any CPU
		{F993F027-F407-4F7B-9783-735A1058F35F}.Release|Any CPU.Build.0 = Release|Any CPU
		{90A997FE-D754-49A7-B030-16734BE3C029}.Debug|Any CPU.ActiveCfg = Debug|Any CPU
		{90A997FE-D754-49A7-B030-16734BE3C029}.Debug|Any CPU.Build.0 = Debug|Any CPU
		{90A997FE-D754-49A7-B030-16734BE3C029}.Release|Any CPU.ActiveCfg = Release|Any CPU
		{90A997FE-D754-49A7-B030-16734BE3C029}.Release|Any CPU.Build.0 = Release|Any CPU
		{99E3052D-5EB1-4D8D-90B3-CF131EDCF8C1}.Debug|Any CPU.ActiveCfg = Debug|Any CPU
		{99E3052D-5EB1-4D8D-90B3-CF131EDCF8C1}.Debug|Any CPU.Build.0 = Debug|Any CPU
		{99E3052D-5EB1-4D8D-90B3-CF131EDCF8C1}.Release|Any CPU.ActiveCfg = Release|Any CPU
		{99E3052D-5EB1-4D8D-90B3-CF131EDCF8C1}.Release|Any CPU.Build.0 = Release|Any CPU
		{EE5334EF-D369-49E0-BACF-08CD66DD895A}.Debug|Any CPU.ActiveCfg = Debug|Any CPU
		{EE5334EF-D369-49E0-BACF-08CD66DD895A}.Debug|Any CPU.Build.0 = Debug|Any CPU
		{EE5334EF-D369-49E0-BACF-08CD66DD895A}.Release|Any CPU.ActiveCfg = Release|Any CPU
		{EE5334EF-D369-49E0-BACF-08CD66DD895A}.Release|Any CPU.Build.0 = Release|Any CPU
		{9981FCAC-1806-47C0-B593-02244A721611}.Debug|Any CPU.ActiveCfg = Debug|Any CPU
		{9981FCAC-1806-47C0-B593-02244A721611}.Debug|Any CPU.Build.0 = Debug|Any CPU
		{9981FCAC-1806-47C0-B593-02244A721611}.Release|Any CPU.ActiveCfg = Release|Any CPU
		{9981FCAC-1806-47C0-B593-02244A721611}.Release|Any CPU.Build.0 = Release|Any CPU
		{E91BBB8B-81AD-4CC9-8622-B918C00B36C4}.Debug|Any CPU.ActiveCfg = Debug|Any CPU
		{E91BBB8B-81AD-4CC9-8622-B918C00B36C4}.Debug|Any CPU.Build.0 = Debug|Any CPU
		{E91BBB8B-81AD-4CC9-8622-B918C00B36C4}.Release|Any CPU.ActiveCfg = Release|Any CPU
		{E91BBB8B-81AD-4CC9-8622-B918C00B36C4}.Release|Any CPU.Build.0 = Release|Any CPU
	EndGlobalSection
	GlobalSection(SolutionProperties) = preSolution
		HideSolutionNode = FALSE
	EndGlobalSection
	GlobalSection(NestedProjects) = preSolution
		{16AF10CB-BC1E-460C-9E4D-8A2C842EB894} = {4729EA08-3BA2-4C8E-A5BC-61BEB39C01D3}
		{A0746673-26F5-45D2-927A-31531F3B28B8} = {9C9C9AF7-A3C9-4732-BDAE-4CAD1678430D}
		{28A63308-A1E9-4EB2-A85A-66AF011F4A36} = {4729EA08-3BA2-4C8E-A5BC-61BEB39C01D3}
		{0E00B782-7E5D-48BE-8CE2-42F9629199B2} = {4729EA08-3BA2-4C8E-A5BC-61BEB39C01D3}
		{AA32E257-FAEE-4D57-8F35-CA2ABF537E30} = {4729EA08-3BA2-4C8E-A5BC-61BEB39C01D3}
		{0F2C4C04-DCFD-4F1B-AD11-FE8614C2F5E2} = {9C9C9AF7-A3C9-4732-BDAE-4CAD1678430D}
		{68C4C39D-119E-4668-A035-7FD83EADC7BD} = {9C9C9AF7-A3C9-4732-BDAE-4CAD1678430D}
		{D70A9FBF-09A1-4232-A5CF-5969C7D7A08E} = {9C9C9AF7-A3C9-4732-BDAE-4CAD1678430D}
		{70097CC6-8899-4704-842C-7B1C50563193} = {9C9C9AF7-A3C9-4732-BDAE-4CAD1678430D}
		{06623DF8-D16F-45CF-AE89-A6805C70E488} = {9C9C9AF7-A3C9-4732-BDAE-4CAD1678430D}
		{170617B4-B51F-49D6-9F2F-EDC8BA7FA77D} = {9C9C9AF7-A3C9-4732-BDAE-4CAD1678430D}
		{EC774C3E-02A9-4262-96E6-807F54158460} = {9C9C9AF7-A3C9-4732-BDAE-4CAD1678430D}
		{095F357F-8BB7-4139-AF6F-3A176609C6AF} = {9C9C9AF7-A3C9-4732-BDAE-4CAD1678430D}
		{70450B14-04EF-4223-B896-713AF278A2B5} = {9C9C9AF7-A3C9-4732-BDAE-4CAD1678430D}
		{C1DFEBE5-1A52-47FE-870C-014153FE4971} = {9C9C9AF7-A3C9-4732-BDAE-4CAD1678430D}
		{028CCC39-FF8B-4F76-8949-F3DB622FAC98} = {9C9C9AF7-A3C9-4732-BDAE-4CAD1678430D}
		{F993F027-F407-4F7B-9783-735A1058F35F} = {4729EA08-3BA2-4C8E-A5BC-61BEB39C01D3}
		{90A997FE-D754-49A7-B030-16734BE3C029} = {9C9C9AF7-A3C9-4732-BDAE-4CAD1678430D}
		{99E3052D-5EB1-4D8D-90B3-CF131EDCF8C1} = {4729EA08-3BA2-4C8E-A5BC-61BEB39C01D3}
		{9981FCAC-1806-47C0-B593-02244A721611} = {9C9C9AF7-A3C9-4732-BDAE-4CAD1678430D}
		{E91BBB8B-81AD-4CC9-8622-B918C00B36C4} = {9C9C9AF7-A3C9-4732-BDAE-4CAD1678430D}
	EndGlobalSection
	GlobalSection(ExtensibilityGlobals) = postSolution
		SolutionGuid = {BD4FD027-9FDA-4EE7-8398-EB57B1303E35}
	EndGlobalSection
EndGlobal
